PODS:
  - Alamofire (5.4.3)
  - Cosmos (23.0.0)
  - Kingfisher (6.3.1)
  - MarqueeLabel (4.0.5)
  - NotificationBannerSwift (3.0.6):
    - MarqueeLabel (~> 4.0.5)
    - SnapKit (~> 5.0.1)
  - RxSwift (6.2.0)
  - SkeletonView (1.24.4)
  - SnapKit (5.0.1)
  - Swinject (2.8.0)
  - SwinjectStoryboard (2.2.0):
    - Swinject (~> 2.6)

DEPENDENCIES:
  - Alamofire
  - Cosmos
  - Kingfisher
  - NotificationBannerSwift
  - RxSwift
  - SkeletonView
  - Swinject
  - SwinjectStoryboard (from `https://github.com/Swinject/SwinjectStoryboard.git`, tag `2.2.0`)

SPEC REPOS:
  trunk:
    - Alamofire
    - Cosmos
    - Kingfisher
    - MarqueeLabel
    - NotificationBannerSwift
    - RxSwift
    - SkeletonView
    - SnapKit
    - Swinject

EXTERNAL SOURCES:
  SwinjectStoryboard:
    :git: https://github.com/Swinject/SwinjectStoryboard.git
    :tag: 2.2.0

CHECKOUT OPTIONS:
  SwinjectStoryboard:
    :git: https://github.com/Swinject/SwinjectStoryboard.git
    :tag: 2.2.0

SPEC CHECKSUMS:
  Alamofire: e447a2774a40c996748296fa2c55112fdbbc42f9
  Cosmos: b5c6a9a637e28a061b54c8f8b1d8529d7d4db73f
  Kingfisher: 016c8b653a35add51dd34a3aba36b580041acc74
  MarqueeLabel: 00cc0bcd087111dca575878b3531af980559707d
  NotificationBannerSwift: 7021be2338f8f29cf424b0aca43da462bf9e2a1a
  RxSwift: d356ab7bee873611322f134c5f9ef379fa183d8f
  SkeletonView: c8632f212fcce7b7ba742c3d4a5af3596b5fa5ae
  SnapKit: 97b92857e3df3a0c71833cce143274bf6ef8e5eb
  Swinject: db795b8d6d78559b25fbebb0170d2635be1176e2
  SwinjectStoryboard: 32512ef16c2b0ff5b8f823b23539c4a50f6d3383

PODFILE CHECKSUM: 9acdc9d5a927c4d604a56b9d99fd90aee93f5479

COCOAPODS: 1.10.2
