// !$*UTF8*$!
{
	archiveVersion = 1;
	classes = {
	};
	objectVersion = 51;
	objects = {

/* Begin PBXBuildFile section */
		3D0C5B31245451AE00C257EC /* Movie.swift in Sources */ = {isa = PBXBuildFile; fileRef = 3D0C5B30245451AE00C257EC /* Movie.swift */; };
		3D0C5B332454567C00C257EC /* Torrent.swift in Sources */ = {isa = PBXBuildFile; fileRef = 3D0C5B322454567C00C257EC /* Torrent.swift */; };
		3D0C5B352454568D00C257EC /* Cast.swift in Sources */ = {isa = PBXBuildFile; fileRef = 3D0C5B342454568D00C257EC /* Cast.swift */; };
		3D0C5B3824545BEE00C257EC /* ReachabilityManager.swift in Sources */ = {isa = PBXBuildFile; fileRef = 3D0C5B3724545BEE00C257EC /* ReachabilityManager.swift */; };
		3D0C5B3A24545C5E00C257EC /* ServiceManager.swift in Sources */ = {isa = PBXBuildFile; fileRef = 3D0C5B3924545C5E00C257EC /* ServiceManager.swift */; };
		3D0C5B3D245465D900C257EC /* TranslationLayer.swift in Sources */ = {isa = PBXBuildFile; fileRef = 3D0C5B3C245465D900C257EC /* TranslationLayer.swift */; };
		3D0C5B3F24546EA400C257EC /* URLConstants.swift in Sources */ = {isa = PBXBuildFile; fileRef = 3D0C5B3E24546EA400C257EC /* URLConstants.swift */; };
		3D16D798244B2A4400CECDDD /* MovieListViewController.swift in Sources */ = {isa = PBXBuildFile; fileRef = 3D16D797244B2A4400CECDDD /* MovieListViewController.swift */; };
		3D3984E92456AAB60019E5B9 /* NetworkLayer.swift in Sources */ = {isa = PBXBuildFile; fileRef = 3D3984E82456AAB60019E5B9 /* NetworkLayer.swift */; };
		3D3984EB2456AC940019E5B9 /* ModelLayer.swift in Sources */ = {isa = PBXBuildFile; fileRef = 3D3984EA2456AC940019E5B9 /* ModelLayer.swift */; };
		3D3984ED2456B1280019E5B9 /* HomeViewModel.swift in Sources */ = {isa = PBXBuildFile; fileRef = 3D3984EC2456B1280019E5B9 /* HomeViewModel.swift */; };
		3D3984EF2456BD2F0019E5B9 /* FavouriteCellViewModel.swift in Sources */ = {isa = PBXBuildFile; fileRef = 3D3984EE2456BD2F0019E5B9 /* FavouriteCellViewModel.swift */; };
		3D3984F22456C3B10019E5B9 /* HomeCellViewModel.swift in Sources */ = {isa = PBXBuildFile; fileRef = 3D3984F12456C3B10019E5B9 /* HomeCellViewModel.swift */; };
		3D41BC8C2446DCEA00220B20 /* MovieDetailViewController.swift in Sources */ = {isa = PBXBuildFile; fileRef = 3D41BC8B2446DCEA00220B20 /* MovieDetailViewController.swift */; };
		3D41BC902446E5BA00220B20 /* MovieInfoBottomSheetViewController.swift in Sources */ = {isa = PBXBuildFile; fileRef = 3D41BC8E2446E5BA00220B20 /* MovieInfoBottomSheetViewController.swift */; };
		3D41BC912446E5BA00220B20 /* MovieInfoBottomSheetViewController.xib in Resources */ = {isa = PBXBuildFile; fileRef = 3D41BC8F2446E5BA00220B20 /* MovieInfoBottomSheetViewController.xib */; };
		3D41BC942446F6C600220B20 /* MovieDetailsView.xib in Resources */ = {isa = PBXBuildFile; fileRef = 3D41BC932446F6C500220B20 /* MovieDetailsView.xib */; };
		3D41BC962446F9D900220B20 /* MovieDetailsView.swift in Sources */ = {isa = PBXBuildFile; fileRef = 3D41BC952446F9D900220B20 /* MovieDetailsView.swift */; };
		3D4D2D33244873D600E42FF1 /* SearchViewController.swift in Sources */ = {isa = PBXBuildFile; fileRef = 3D4D2D32244873D600E42FF1 /* SearchViewController.swift */; };
		3D6E81EC2456CBB100041BCB /* MovieDetailsViewModel.swift in Sources */ = {isa = PBXBuildFile; fileRef = 3D6E81EB2456CBB100041BCB /* MovieDetailsViewModel.swift */; };
		3D6E81F02456D47A00041BCB /* CastCellViewModel.swift in Sources */ = {isa = PBXBuildFile; fileRef = 3D6E81EF2456D47A00041BCB /* CastCellViewModel.swift */; };
		3D6E81F22456F83B00041BCB /* SearchViewModel.swift in Sources */ = {isa = PBXBuildFile; fileRef = 3D6E81F12456F83B00041BCB /* SearchViewModel.swift */; };
		3D6E81F42457069400041BCB /* MovieListViewModel.swift in Sources */ = {isa = PBXBuildFile; fileRef = 3D6E81F32457069400041BCB /* MovieListViewModel.swift */; };
		3D9A548A2444826B0068C825 /* AppDelegate.swift in Sources */ = {isa = PBXBuildFile; fileRef = 3D9A54892444826B0068C825 /* AppDelegate.swift */; };
		3D9A548C2444826B0068C825 /* SceneDelegate.swift in Sources */ = {isa = PBXBuildFile; fileRef = 3D9A548B2444826B0068C825 /* SceneDelegate.swift */; };
		3D9A548E2444826B0068C825 /* WelcomeViewController.swift in Sources */ = {isa = PBXBuildFile; fileRef = 3D9A548D2444826B0068C825 /* WelcomeViewController.swift */; };
		3D9A54912444826B0068C825 /* Login.storyboard in Resources */ = {isa = PBXBuildFile; fileRef = 3D9A548F2444826B0068C825 /* Login.storyboard */; };
		3D9A54932444826C0068C825 /* Assets.xcassets in Resources */ = {isa = PBXBuildFile; fileRef = 3D9A54922444826C0068C825 /* Assets.xcassets */; };
		3D9A54962444826C0068C825 /* LaunchScreen.storyboard in Resources */ = {isa = PBXBuildFile; fileRef = 3D9A54942444826C0068C825 /* LaunchScreen.storyboard */; };
		3D9A549E244491E30068C825 /* LoginViewController.swift in Sources */ = {isa = PBXBuildFile; fileRef = 3D9A549D244491E30068C825 /* LoginViewController.swift */; };
		3D9A54A0244492000068C825 /* RegisterViewController.swift in Sources */ = {isa = PBXBuildFile; fileRef = 3D9A549F244492000068C825 /* RegisterViewController.swift */; };
		3D9A54A22444924D0068C825 /* UIHelper.swift in Sources */ = {isa = PBXBuildFile; fileRef = 3D9A54A12444924D0068C825 /* UIHelper.swift */; };
		3D9A54A4244493E90068C825 /* UIColor+Extensions.swift in Sources */ = {isa = PBXBuildFile; fileRef = 3D9A54A3244493E90068C825 /* UIColor+Extensions.swift */; };
		3D9A54A62444A3A90068C825 /* ForgetPasswordViewController.swift in Sources */ = {isa = PBXBuildFile; fileRef = 3D9A54A52444A3A90068C825 /* ForgetPasswordViewController.swift */; };
		3D9A54A82444A3CC0068C825 /* ResetPasswordViewController.swift in Sources */ = {isa = PBXBuildFile; fileRef = 3D9A54A72444A3CC0068C825 /* ResetPasswordViewController.swift */; };
		3D9A54AA2444A7AB0068C825 /* UIConstants.swift in Sources */ = {isa = PBXBuildFile; fileRef = 3D9A54A92444A7AB0068C825 /* UIConstants.swift */; };
		3DAB134C2445A56D005A7D9B /* Main.storyboard in Resources */ = {isa = PBXBuildFile; fileRef = 3DAB134B2445A56D005A7D9B /* Main.storyboard */; };
		3DAB134E2445A875005A7D9B /* HomeViewController.swift in Sources */ = {isa = PBXBuildFile; fileRef = 3DAB134D2445A875005A7D9B /* HomeViewController.swift */; };
		3DAB13592445CACA005A7D9B /* FavouritesCollectionViewCell.xib in Resources */ = {isa = PBXBuildFile; fileRef = 3DAB13582445CACA005A7D9B /* FavouritesCollectionViewCell.xib */; };
		3DAB135B2445CB56005A7D9B /* FavouritesCollectionViewCell.swift in Sources */ = {isa = PBXBuildFile; fileRef = 3DAB135A2445CB56005A7D9B /* FavouritesCollectionViewCell.swift */; };
		3DAB135E2445CD9A005A7D9B /* HomeCollectionViewCell.swift in Sources */ = {isa = PBXBuildFile; fileRef = 3DAB135C2445CD9A005A7D9B /* HomeCollectionViewCell.swift */; };
		3DAB135F2445CD9A005A7D9B /* HomeCollectionViewCell.xib in Resources */ = {isa = PBXBuildFile; fileRef = 3DAB135D2445CD9A005A7D9B /* HomeCollectionViewCell.xib */; };
		3DAB13612445DA48005A7D9B /* FavouriteTableViewCell.swift in Sources */ = {isa = PBXBuildFile; fileRef = 3DAB13602445DA48005A7D9B /* FavouriteTableViewCell.swift */; };
		3DAB13632445EA6C005A7D9B /* HomeTableViewCell.swift in Sources */ = {isa = PBXBuildFile; fileRef = 3DAB13622445EA6C005A7D9B /* HomeTableViewCell.swift */; };
		3DB34D2E24483A0600FB5205 /* CastCollectionViewCell.swift in Sources */ = {isa = PBXBuildFile; fileRef = 3DB34D2C24483A0600FB5205 /* CastCollectionViewCell.swift */; };
		3DB34D2F24483A0600FB5205 /* CastCollectionViewCell.xib in Resources */ = {isa = PBXBuildFile; fileRef = 3DB34D2D24483A0600FB5205 /* CastCollectionViewCell.xib */; };
		3DB5D1282449D5D2009AF3B8 /* FiltersTableViewCell.swift in Sources */ = {isa = PBXBuildFile; fileRef = 3DB5D1262449D5D2009AF3B8 /* FiltersTableViewCell.swift */; };
		3DB5D1292449D5D2009AF3B8 /* FiltersTableViewCell.xib in Resources */ = {isa = PBXBuildFile; fileRef = 3DB5D1272449D5D2009AF3B8 /* FiltersTableViewCell.xib */; };
		3DB5D12C2449ECAC009AF3B8 /* Filter.swift in Sources */ = {isa = PBXBuildFile; fileRef = 3DB5D12B2449ECAC009AF3B8 /* Filter.swift */; };
		3DC6C373245AB85F00A754C5 /* Data.swift in Sources */ = {isa = PBXBuildFile; fileRef = 3DC6C372245AB85F00A754C5 /* Data.swift */; };
		3DF9E08C2459744100EEB3EE /* iCarousel.m in Sources */ = {isa = PBXBuildFile; fileRef = 3DF9E08A2459744100EEB3EE /* iCarousel.m */; };
		3DF9E0902459758400EEB3EE /* CorouselView.swift in Sources */ = {isa = PBXBuildFile; fileRef = 3DF9E08F2459758400EEB3EE /* CorouselView.swift */; };
		3DF9E0922459759A00EEB3EE /* CarouselView.xib in Resources */ = {isa = PBXBuildFile; fileRef = 3DF9E0912459759A00EEB3EE /* CarouselView.xib */; };
		3DF9E0942459789700EEB3EE /* DownloadViewController.swift in Sources */ = {isa = PBXBuildFile; fileRef = 3DF9E0932459789700EEB3EE /* DownloadViewController.swift */; };
		3DF9E096245978AF00EEB3EE /* DownloadViewModel.swift in Sources */ = {isa = PBXBuildFile; fileRef = 3DF9E095245978AF00EEB3EE /* DownloadViewModel.swift */; };
		3DF9E09824597A7700EEB3EE /* TorrentView.swift in Sources */ = {isa = PBXBuildFile; fileRef = 3DF9E09724597A7700EEB3EE /* TorrentView.swift */; };
		3DF9E09A24597A8400EEB3EE /* TorrentView.xib in Resources */ = {isa = PBXBuildFile; fileRef = 3DF9E09924597A8400EEB3EE /* TorrentView.xib */; };
		3DF9E09C2459819200EEB3EE /* TorrentViewViewModel.swift in Sources */ = {isa = PBXBuildFile; fileRef = 3DF9E09B2459819200EEB3EE /* TorrentViewViewModel.swift */; };
		B2804D5E25CB4C3DCB9C0108 /* Pods_YTS.framework in Frameworks */ = {isa = PBXBuildFile; fileRef = 300A843879D611DF5B474C14 /* Pods_YTS.framework */; };
/* End PBXBuildFile section */

/* Begin PBXFileReference section */
		2A107ABF22DEF348420C95BD /* Pods-YTS.debug.xcconfig */ = {isa = PBXFileReference; includeInIndex = 1; lastKnownFileType = text.xcconfig; name = "Pods-YTS.debug.xcconfig"; path = "Target Support Files/Pods-YTS/Pods-YTS.debug.xcconfig"; sourceTree = "<group>"; };
		300A843879D611DF5B474C14 /* Pods_YTS.framework */ = {isa = PBXFileReference; explicitFileType = wrapper.framework; includeInIndex = 0; path = Pods_YTS.framework; sourceTree = BUILT_PRODUCTS_DIR; };
		3D0C5B30245451AE00C257EC /* Movie.swift */ = {isa = PBXFileReference; lastKnownFileType = sourcecode.swift; path = Movie.swift; sourceTree = "<group>"; };
		3D0C5B322454567C00C257EC /* Torrent.swift */ = {isa = PBXFileReference; lastKnownFileType = sourcecode.swift; path = Torrent.swift; sourceTree = "<group>"; };
		3D0C5B342454568D00C257EC /* Cast.swift */ = {isa = PBXFileReference; lastKnownFileType = sourcecode.swift; path = Cast.swift; sourceTree = "<group>"; };
		3D0C5B3724545BEE00C257EC /* ReachabilityManager.swift */ = {isa = PBXFileReference; lastKnownFileType = sourcecode.swift; path = ReachabilityManager.swift; sourceTree = "<group>"; };
		3D0C5B3924545C5E00C257EC /* ServiceManager.swift */ = {isa = PBXFileReference; lastKnownFileType = sourcecode.swift; path = ServiceManager.swift; sourceTree = "<group>"; };
		3D0C5B3C245465D900C257EC /* TranslationLayer.swift */ = {isa = PBXFileReference; lastKnownFileType = sourcecode.swift; path = TranslationLayer.swift; sourceTree = "<group>"; };
		3D0C5B3E24546EA400C257EC /* URLConstants.swift */ = {isa = PBXFileReference; lastKnownFileType = sourcecode.swift; path = URLConstants.swift; sourceTree = "<group>"; };
		3D16D797244B2A4400CECDDD /* MovieListViewController.swift */ = {isa = PBXFileReference; lastKnownFileType = sourcecode.swift; path = MovieListViewController.swift; sourceTree = "<group>"; };
		3D3984E82456AAB60019E5B9 /* NetworkLayer.swift */ = {isa = PBXFileReference; lastKnownFileType = sourcecode.swift; path = NetworkLayer.swift; sourceTree = "<group>"; };
		3D3984EA2456AC940019E5B9 /* ModelLayer.swift */ = {isa = PBXFileReference; lastKnownFileType = sourcecode.swift; path = ModelLayer.swift; sourceTree = "<group>"; };
		3D3984EC2456B1280019E5B9 /* HomeViewModel.swift */ = {isa = PBXFileReference; lastKnownFileType = sourcecode.swift; path = HomeViewModel.swift; sourceTree = "<group>"; };
		3D3984EE2456BD2F0019E5B9 /* FavouriteCellViewModel.swift */ = {isa = PBXFileReference; lastKnownFileType = sourcecode.swift; path = FavouriteCellViewModel.swift; sourceTree = "<group>"; };
		3D3984F12456C3B10019E5B9 /* HomeCellViewModel.swift */ = {isa = PBXFileReference; lastKnownFileType = sourcecode.swift; path = HomeCellViewModel.swift; sourceTree = "<group>"; };
		3D41BC8B2446DCEA00220B20 /* MovieDetailViewController.swift */ = {isa = PBXFileReference; lastKnownFileType = sourcecode.swift; path = MovieDetailViewController.swift; sourceTree = "<group>"; };
		3D41BC8E2446E5BA00220B20 /* MovieInfoBottomSheetViewController.swift */ = {isa = PBXFileReference; lastKnownFileType = sourcecode.swift; path = MovieInfoBottomSheetViewController.swift; sourceTree = "<group>"; };
		3D41BC8F2446E5BA00220B20 /* MovieInfoBottomSheetViewController.xib */ = {isa = PBXFileReference; lastKnownFileType = file.xib; path = MovieInfoBottomSheetViewController.xib; sourceTree = "<group>"; };
		3D41BC932446F6C500220B20 /* MovieDetailsView.xib */ = {isa = PBXFileReference; lastKnownFileType = file.xib; path = MovieDetailsView.xib; sourceTree = "<group>"; };
		3D41BC952446F9D900220B20 /* MovieDetailsView.swift */ = {isa = PBXFileReference; lastKnownFileType = sourcecode.swift; path = MovieDetailsView.swift; sourceTree = "<group>"; };
		3D4D2D32244873D600E42FF1 /* SearchViewController.swift */ = {isa = PBXFileReference; lastKnownFileType = sourcecode.swift; path = SearchViewController.swift; sourceTree = "<group>"; };
		3D6E81EB2456CBB100041BCB /* MovieDetailsViewModel.swift */ = {isa = PBXFileReference; lastKnownFileType = sourcecode.swift; path = MovieDetailsViewModel.swift; sourceTree = "<group>"; };
		3D6E81EF2456D47A00041BCB /* CastCellViewModel.swift */ = {isa = PBXFileReference; lastKnownFileType = sourcecode.swift; path = CastCellViewModel.swift; sourceTree = "<group>"; };
		3D6E81F12456F83B00041BCB /* SearchViewModel.swift */ = {isa = PBXFileReference; lastKnownFileType = sourcecode.swift; path = SearchViewModel.swift; sourceTree = "<group>"; };
		3D6E81F32457069400041BCB /* MovieListViewModel.swift */ = {isa = PBXFileReference; lastKnownFileType = sourcecode.swift; path = MovieListViewModel.swift; sourceTree = "<group>"; };
		3D9A54862444826B0068C825 /* YTS.app */ = {isa = PBXFileReference; explicitFileType = wrapper.application; includeInIndex = 0; path = YTS.app; sourceTree = BUILT_PRODUCTS_DIR; };
		3D9A54892444826B0068C825 /* AppDelegate.swift */ = {isa = PBXFileReference; lastKnownFileType = sourcecode.swift; path = AppDelegate.swift; sourceTree = "<group>"; };
		3D9A548B2444826B0068C825 /* SceneDelegate.swift */ = {isa = PBXFileReference; lastKnownFileType = sourcecode.swift; path = SceneDelegate.swift; sourceTree = "<group>"; };
		3D9A548D2444826B0068C825 /* WelcomeViewController.swift */ = {isa = PBXFileReference; lastKnownFileType = sourcecode.swift; path = WelcomeViewController.swift; sourceTree = "<group>"; };
		3D9A54902444826B0068C825 /* Base */ = {isa = PBXFileReference; lastKnownFileType = file.storyboard; name = Base; path = Base.lproj/Login.storyboard; sourceTree = "<group>"; };
		3D9A54922444826C0068C825 /* Assets.xcassets */ = {isa = PBXFileReference; lastKnownFileType = folder.assetcatalog; path = Assets.xcassets; sourceTree = "<group>"; };
		3D9A54952444826C0068C825 /* Base */ = {isa = PBXFileReference; lastKnownFileType = file.storyboard; name = Base; path = Base.lproj/LaunchScreen.storyboard; sourceTree = "<group>"; };
		3D9A54972444826C0068C825 /* Info.plist */ = {isa = PBXFileReference; lastKnownFileType = text.plist.xml; path = Info.plist; sourceTree = "<group>"; };
		3D9A549D244491E30068C825 /* LoginViewController.swift */ = {isa = PBXFileReference; lastKnownFileType = sourcecode.swift; path = LoginViewController.swift; sourceTree = "<group>"; };
		3D9A549F244492000068C825 /* RegisterViewController.swift */ = {isa = PBXFileReference; lastKnownFileType = sourcecode.swift; path = RegisterViewController.swift; sourceTree = "<group>"; };
		3D9A54A12444924D0068C825 /* UIHelper.swift */ = {isa = PBXFileReference; lastKnownFileType = sourcecode.swift; path = UIHelper.swift; sourceTree = "<group>"; };
		3D9A54A3244493E90068C825 /* UIColor+Extensions.swift */ = {isa = PBXFileReference; lastKnownFileType = sourcecode.swift; path = "UIColor+Extensions.swift"; sourceTree = "<group>"; };
		3D9A54A52444A3A90068C825 /* ForgetPasswordViewController.swift */ = {isa = PBXFileReference; lastKnownFileType = sourcecode.swift; path = ForgetPasswordViewController.swift; sourceTree = "<group>"; };
		3D9A54A72444A3CC0068C825 /* ResetPasswordViewController.swift */ = {isa = PBXFileReference; lastKnownFileType = sourcecode.swift; path = ResetPasswordViewController.swift; sourceTree = "<group>"; };
		3D9A54A92444A7AB0068C825 /* UIConstants.swift */ = {isa = PBXFileReference; lastKnownFileType = sourcecode.swift; path = UIConstants.swift; sourceTree = "<group>"; };
		3DAB134B2445A56D005A7D9B /* Main.storyboard */ = {isa = PBXFileReference; lastKnownFileType = file.storyboard; path = Main.storyboard; sourceTree = "<group>"; };
		3DAB134D2445A875005A7D9B /* HomeViewController.swift */ = {isa = PBXFileReference; lastKnownFileType = sourcecode.swift; path = HomeViewController.swift; sourceTree = "<group>"; };
		3DAB13582445CACA005A7D9B /* FavouritesCollectionViewCell.xib */ = {isa = PBXFileReference; lastKnownFileType = file.xib; path = FavouritesCollectionViewCell.xib; sourceTree = "<group>"; };
		3DAB135A2445CB56005A7D9B /* FavouritesCollectionViewCell.swift */ = {isa = PBXFileReference; lastKnownFileType = sourcecode.swift; path = FavouritesCollectionViewCell.swift; sourceTree = "<group>"; };
		3DAB135C2445CD9A005A7D9B /* HomeCollectionViewCell.swift */ = {isa = PBXFileReference; lastKnownFileType = sourcecode.swift; path = HomeCollectionViewCell.swift; sourceTree = "<group>"; };
		3DAB135D2445CD9A005A7D9B /* HomeCollectionViewCell.xib */ = {isa = PBXFileReference; lastKnownFileType = file.xib; path = HomeCollectionViewCell.xib; sourceTree = "<group>"; };
		3DAB13602445DA48005A7D9B /* FavouriteTableViewCell.swift */ = {isa = PBXFileReference; lastKnownFileType = sourcecode.swift; path = FavouriteTableViewCell.swift; sourceTree = "<group>"; };
		3DAB13622445EA6C005A7D9B /* HomeTableViewCell.swift */ = {isa = PBXFileReference; lastKnownFileType = sourcecode.swift; path = HomeTableViewCell.swift; sourceTree = "<group>"; };
		3DB34D2C24483A0600FB5205 /* CastCollectionViewCell.swift */ = {isa = PBXFileReference; lastKnownFileType = sourcecode.swift; path = CastCollectionViewCell.swift; sourceTree = "<group>"; };
		3DB34D2D24483A0600FB5205 /* CastCollectionViewCell.xib */ = {isa = PBXFileReference; lastKnownFileType = file.xib; path = CastCollectionViewCell.xib; sourceTree = "<group>"; };
		3DB5D1262449D5D2009AF3B8 /* FiltersTableViewCell.swift */ = {isa = PBXFileReference; lastKnownFileType = sourcecode.swift; path = FiltersTableViewCell.swift; sourceTree = "<group>"; };
		3DB5D1272449D5D2009AF3B8 /* FiltersTableViewCell.xib */ = {isa = PBXFileReference; lastKnownFileType = file.xib; path = FiltersTableViewCell.xib; sourceTree = "<group>"; };
		3DB5D12B2449ECAC009AF3B8 /* Filter.swift */ = {isa = PBXFileReference; lastKnownFileType = sourcecode.swift; path = Filter.swift; sourceTree = "<group>"; };
		3DC6C372245AB85F00A754C5 /* Data.swift */ = {isa = PBXFileReference; lastKnownFileType = sourcecode.swift; path = Data.swift; sourceTree = "<group>"; };
		3DF9E0892459744000EEB3EE /* YTS-Bridging-Header.h */ = {isa = PBXFileReference; lastKnownFileType = sourcecode.c.h; path = "YTS-Bridging-Header.h"; sourceTree = "<group>"; };
		3DF9E08A2459744100EEB3EE /* iCarousel.m */ = {isa = PBXFileReference; fileEncoding = 4; lastKnownFileType = sourcecode.c.objc; path = iCarousel.m; sourceTree = "<group>"; };
		3DF9E08B2459744100EEB3EE /* iCarousel.h */ = {isa = PBXFileReference; fileEncoding = 4; lastKnownFileType = sourcecode.c.h; path = iCarousel.h; sourceTree = "<group>"; };
		3DF9E08F2459758400EEB3EE /* CorouselView.swift */ = {isa = PBXFileReference; lastKnownFileType = sourcecode.swift; path = CorouselView.swift; sourceTree = "<group>"; };
		3DF9E0912459759A00EEB3EE /* CarouselView.xib */ = {isa = PBXFileReference; lastKnownFileType = file.xib; path = CarouselView.xib; sourceTree = "<group>"; };
		3DF9E0932459789700EEB3EE /* DownloadViewController.swift */ = {isa = PBXFileReference; lastKnownFileType = sourcecode.swift; path = DownloadViewController.swift; sourceTree = "<group>"; };
		3DF9E095245978AF00EEB3EE /* DownloadViewModel.swift */ = {isa = PBXFileReference; lastKnownFileType = sourcecode.swift; path = DownloadViewModel.swift; sourceTree = "<group>"; };
		3DF9E09724597A7700EEB3EE /* TorrentView.swift */ = {isa = PBXFileReference; lastKnownFileType = sourcecode.swift; path = TorrentView.swift; sourceTree = "<group>"; };
		3DF9E09924597A8400EEB3EE /* TorrentView.xib */ = {isa = PBXFileReference; lastKnownFileType = file.xib; path = TorrentView.xib; sourceTree = "<group>"; };
		3DF9E09B2459819200EEB3EE /* TorrentViewViewModel.swift */ = {isa = PBXFileReference; lastKnownFileType = sourcecode.swift; path = TorrentViewViewModel.swift; sourceTree = "<group>"; };
		A84E68A2CA5D02A95559048D /* Pods-YTS.release.xcconfig */ = {isa = PBXFileReference; includeInIndex = 1; lastKnownFileType = text.xcconfig; name = "Pods-YTS.release.xcconfig"; path = "Target Support Files/Pods-YTS/Pods-YTS.release.xcconfig"; sourceTree = "<group>"; };
/* End PBXFileReference section */

/* Begin PBXFrameworksBuildPhase section */
		3D9A54832444826B0068C825 /* Frameworks */ = {
			isa = PBXFrameworksBuildPhase;
			buildActionMask = 2147483647;
			files = (
				B2804D5E25CB4C3DCB9C0108 /* Pods_YTS.framework in Frameworks */,
			);
			runOnlyForDeploymentPostprocessing = 0;
		};
/* End PBXFrameworksBuildPhase section */

/* Begin PBXGroup section */
		3D0C5B3624545BA000C257EC /* Network */ = {
			isa = PBXGroup;
			children = (
				3D0C5B3724545BEE00C257EC /* ReachabilityManager.swift */,
				3D0C5B3924545C5E00C257EC /* ServiceManager.swift */,
				3D3984E82456AAB60019E5B9 /* NetworkLayer.swift */,
			);
			path = Network;
			sourceTree = "<group>";
		};
		3D0C5B3B245465CC00C257EC /* Translation */ = {
			isa = PBXGroup;
			children = (
				3D0C5B3C245465D900C257EC /* TranslationLayer.swift */,
				3D0C5B3E24546EA400C257EC /* URLConstants.swift */,
			);
			path = Translation;
			sourceTree = "<group>";
		};
		3D16D796244B2A2200CECDDD /* MovieList */ = {
			isa = PBXGroup;
			children = (
				3D16D797244B2A4400CECDDD /* MovieListViewController.swift */,
				3D6E81F32457069400041BCB /* MovieListViewModel.swift */,
			);
			path = MovieList;
			sourceTree = "<group>";
		};
		3D3984F02456C37E0019E5B9 /* Favourites */ = {
			isa = PBXGroup;
			children = (
				3DAB13582445CACA005A7D9B /* FavouritesCollectionViewCell.xib */,
				3DAB135A2445CB56005A7D9B /* FavouritesCollectionViewCell.swift */,
				3DAB13602445DA48005A7D9B /* FavouriteTableViewCell.swift */,
				3D3984EE2456BD2F0019E5B9 /* FavouriteCellViewModel.swift */,
			);
			path = Favourites;
			sourceTree = "<group>";
		};
		3D41BC8A2446DC1700220B20 /* Home */ = {
			isa = PBXGroup;
			children = (
				3D3984EC2456B1280019E5B9 /* HomeViewModel.swift */,
				3DAB134D2445A875005A7D9B /* HomeViewController.swift */,
				3D41BC922446F68400220B20 /* Cells */,
			);
			path = Home;
			sourceTree = "<group>";
		};
		3D41BC8D2446E58C00220B20 /* MovieDetails */ = {
			isa = PBXGroup;
			children = (
				3D6E81ED2456D1B600041BCB /* MovieDetails */,
				3D6E81EE2456D1D400041BCB /* Cast */,
			);
			path = MovieDetails;
			sourceTree = "<group>";
		};
		3D41BC922446F68400220B20 /* Cells */ = {
			isa = PBXGroup;
			children = (
				3D3984F02456C37E0019E5B9 /* Favourites */,
				3D6E81EA2456CA3B00041BCB /* Home */,
			);
			path = Cells;
			sourceTree = "<group>";
		};
		3D4D2D31244873BE00E42FF1 /* Search */ = {
			isa = PBXGroup;
			children = (
				3D4D2D32244873D600E42FF1 /* SearchViewController.swift */,
				3DB5D1262449D5D2009AF3B8 /* FiltersTableViewCell.swift */,
				3DB5D1272449D5D2009AF3B8 /* FiltersTableViewCell.xib */,
				3D6E81F12456F83B00041BCB /* SearchViewModel.swift */,
			);
			path = Search;
			sourceTree = "<group>";
		};
		3D6E81EA2456CA3B00041BCB /* Home */ = {
			isa = PBXGroup;
			children = (
				3DAB135C2445CD9A005A7D9B /* HomeCollectionViewCell.swift */,
				3D3984F12456C3B10019E5B9 /* HomeCellViewModel.swift */,
				3DAB135D2445CD9A005A7D9B /* HomeCollectionViewCell.xib */,
				3DAB13622445EA6C005A7D9B /* HomeTableViewCell.swift */,
			);
			path = Home;
			sourceTree = "<group>";
		};
		3D6E81ED2456D1B600041BCB /* MovieDetails */ = {
			isa = PBXGroup;
			children = (
				3D41BC8B2446DCEA00220B20 /* MovieDetailViewController.swift */,
				3D41BC8E2446E5BA00220B20 /* MovieInfoBottomSheetViewController.swift */,
				3D41BC8F2446E5BA00220B20 /* MovieInfoBottomSheetViewController.xib */,
				3D41BC932446F6C500220B20 /* MovieDetailsView.xib */,
				3D41BC952446F9D900220B20 /* MovieDetailsView.swift */,
				3D6E81EB2456CBB100041BCB /* MovieDetailsViewModel.swift */,
			);
			path = MovieDetails;
			sourceTree = "<group>";
		};
		3D6E81EE2456D1D400041BCB /* Cast */ = {
			isa = PBXGroup;
			children = (
				3DB34D2C24483A0600FB5205 /* CastCollectionViewCell.swift */,
				3DB34D2D24483A0600FB5205 /* CastCollectionViewCell.xib */,
				3D6E81EF2456D47A00041BCB /* CastCellViewModel.swift */,
			);
			path = Cast;
			sourceTree = "<group>";
		};
		3D9A547D2444826B0068C825 = {
			isa = PBXGroup;
			children = (
				3D9A54882444826B0068C825 /* YTS */,
				3D9A54872444826B0068C825 /* Products */,
				768F11678419537FC5F7A96E /* Pods */,
				C54CDBE0C254E2A4BC311A9B /* Frameworks */,
			);
			sourceTree = "<group>";
		};
		3D9A54872444826B0068C825 /* Products */ = {
			isa = PBXGroup;
			children = (
				3D9A54862444826B0068C825 /* YTS.app */,
			);
			name = Products;
			sourceTree = "<group>";
		};
		3D9A54882444826B0068C825 /* YTS */ = {
			isa = PBXGroup;
			children = (
				3DF9E08D2459745F00EEB3EE /* Libs */,
				3D0C5B3B245465CC00C257EC /* Translation */,
				3D0C5B3624545BA000C257EC /* Network */,
				3DB5D12A2449EC9E009AF3B8 /* Model */,
				3DAB13562445C6ED005A7D9B /* Constants */,
				3DAB13532445C67A005A7D9B /* Extensions */,
				3DAB13522445C652005A7D9B /* Helpers */,
				3DAB13512445C619005A7D9B /* UI */,
				3DAB13572445C701005A7D9B /* SupportingFiles */,
			);
			path = YTS;
			sourceTree = "<group>";
		};
		3DAB13512445C619005A7D9B /* UI */ = {
			isa = PBXGroup;
			children = (
				3D9A54942444826C0068C825 /* LaunchScreen.storyboard */,
				3DAB13552445C6B9005A7D9B /* Login */,
				3DAB13542445C6B3005A7D9B /* Main */,
			);
			path = UI;
			sourceTree = "<group>";
		};
		3DAB13522445C652005A7D9B /* Helpers */ = {
			isa = PBXGroup;
			children = (
				3D9A54A12444924D0068C825 /* UIHelper.swift */,
			);
			path = Helpers;
			sourceTree = "<group>";
		};
		3DAB13532445C67A005A7D9B /* Extensions */ = {
			isa = PBXGroup;
			children = (
				3D9A54A3244493E90068C825 /* UIColor+Extensions.swift */,
			);
			path = Extensions;
			sourceTree = "<group>";
		};
		3DAB13542445C6B3005A7D9B /* Main */ = {
			isa = PBXGroup;
			children = (
				3DAB134B2445A56D005A7D9B /* Main.storyboard */,
				3DF9E08E2459755000EEB3EE /* Download */,
				3D16D796244B2A2200CECDDD /* MovieList */,
				3D4D2D31244873BE00E42FF1 /* Search */,
				3D41BC8D2446E58C00220B20 /* MovieDetails */,
				3D41BC8A2446DC1700220B20 /* Home */,
			);
			path = Main;
			sourceTree = "<group>";
		};
		3DAB13552445C6B9005A7D9B /* Login */ = {
			isa = PBXGroup;
			children = (
				3D9A548D2444826B0068C825 /* WelcomeViewController.swift */,
				3D9A548F2444826B0068C825 /* Login.storyboard */,
				3D9A549D244491E30068C825 /* LoginViewController.swift */,
				3D9A549F244492000068C825 /* RegisterViewController.swift */,
				3D9A54A52444A3A90068C825 /* ForgetPasswordViewController.swift */,
				3D9A54A72444A3CC0068C825 /* ResetPasswordViewController.swift */,
			);
			path = Login;
			sourceTree = "<group>";
		};
		3DAB13562445C6ED005A7D9B /* Constants */ = {
			isa = PBXGroup;
			children = (
				3D9A54A92444A7AB0068C825 /* UIConstants.swift */,
			);
			path = Constants;
			sourceTree = "<group>";
		};
		3DAB13572445C701005A7D9B /* SupportingFiles */ = {
			isa = PBXGroup;
			children = (
				3D9A54892444826B0068C825 /* AppDelegate.swift */,
				3D9A548B2444826B0068C825 /* SceneDelegate.swift */,
				3D9A54922444826C0068C825 /* Assets.xcassets */,
				3D9A54972444826C0068C825 /* Info.plist */,
			);
			path = SupportingFiles;
			sourceTree = "<group>";
		};
		3DB5D12A2449EC9E009AF3B8 /* Model */ = {
			isa = PBXGroup;
			children = (
				3DB5D12B2449ECAC009AF3B8 /* Filter.swift */,
				3D0C5B30245451AE00C257EC /* Movie.swift */,
				3D0C5B322454567C00C257EC /* Torrent.swift */,
				3D0C5B342454568D00C257EC /* Cast.swift */,
				3D3984EA2456AC940019E5B9 /* ModelLayer.swift */,
				3DC6C372245AB85F00A754C5 /* Data.swift */,
			);
			path = Model;
			sourceTree = "<group>";
		};
		3DF9E08D2459745F00EEB3EE /* Libs */ = {
			isa = PBXGroup;
			children = (
				3DF9E08B2459744100EEB3EE /* iCarousel.h */,
				3DF9E08A2459744100EEB3EE /* iCarousel.m */,
				3DF9E0892459744000EEB3EE /* YTS-Bridging-Header.h */,
			);
			path = Libs;
			sourceTree = "<group>";
		};
		3DF9E08E2459755000EEB3EE /* Download */ = {
			isa = PBXGroup;
			children = (
				3DF9E08F2459758400EEB3EE /* CorouselView.swift */,
				3DF9E0912459759A00EEB3EE /* CarouselView.xib */,
				3DF9E0932459789700EEB3EE /* DownloadViewController.swift */,
				3DF9E095245978AF00EEB3EE /* DownloadViewModel.swift */,
				3DF9E09724597A7700EEB3EE /* TorrentView.swift */,
				3DF9E09B2459819200EEB3EE /* TorrentViewViewModel.swift */,
				3DF9E09924597A8400EEB3EE /* TorrentView.xib */,
			);
			path = Download;
			sourceTree = "<group>";
		};
		768F11678419537FC5F7A96E /* Pods */ = {
			isa = PBXGroup;
			children = (
				2A107ABF22DEF348420C95BD /* Pods-YTS.debug.xcconfig */,
				A84E68A2CA5D02A95559048D /* Pods-YTS.release.xcconfig */,
			);
			path = Pods;
			sourceTree = "<group>";
		};
		C54CDBE0C254E2A4BC311A9B /* Frameworks */ = {
			isa = PBXGroup;
			children = (
				300A843879D611DF5B474C14 /* Pods_YTS.framework */,
			);
			name = Frameworks;
			sourceTree = "<group>";
		};
/* End PBXGroup section */

/* Begin PBXNativeTarget section */
		3D9A54852444826B0068C825 /* YTS */ = {
			isa = PBXNativeTarget;
			buildConfigurationList = 3D9A549A2444826C0068C825 /* Build configuration list for PBXNativeTarget "YTS" */;
			buildPhases = (
				2CE58129216234666646F65E /* [CP] Check Pods Manifest.lock */,
				3D9A54822444826B0068C825 /* Sources */,
				3D9A54832444826B0068C825 /* Frameworks */,
				3D9A54842444826B0068C825 /* Resources */,
				DB72B4EFCFCD42E46D302C5B /* [CP] Embed Pods Frameworks */,
			);
			buildRules = (
			);
			dependencies = (
			);
			name = YTS;
			productName = YTS;
			productReference = 3D9A54862444826B0068C825 /* YTS.app */;
			productType = "com.apple.product-type.application";
		};
/* End PBXNativeTarget section */

/* Begin PBXProject section */
		3D9A547E2444826B0068C825 /* Project object */ = {
			isa = PBXProject;
			attributes = {
				LastSwiftUpdateCheck = 1140;
				LastUpgradeCheck = 1140;
				ORGANIZATIONNAME = "Sajith Konara";
				TargetAttributes = {
					3D9A54852444826B0068C825 = {
						CreatedOnToolsVersion = 11.4;
						LastSwiftMigration = 1140;
					};
				};
			};
			buildConfigurationList = 3D9A54812444826B0068C825 /* Build configuration list for PBXProject "YTS" */;
			compatibilityVersion = "Xcode 9.3";
			developmentRegion = en;
			hasScannedForEncodings = 0;
			knownRegions = (
				en,
				Base,
			);
			mainGroup = 3D9A547D2444826B0068C825;
			productRefGroup = 3D9A54872444826B0068C825 /* Products */;
			projectDirPath = "";
			projectRoot = "";
			targets = (
				3D9A54852444826B0068C825 /* YTS */,
			);
		};
/* End PBXProject section */

/* Begin PBXResourcesBuildPhase section */
		3D9A54842444826B0068C825 /* Resources */ = {
			isa = PBXResourcesBuildPhase;
			buildActionMask = 2147483647;
			files = (
				3D9A54962444826C0068C825 /* LaunchScreen.storyboard in Resources */,
				3DAB135F2445CD9A005A7D9B /* HomeCollectionViewCell.xib in Resources */,
				3DF9E0922459759A00EEB3EE /* CarouselView.xib in Resources */,
				3D9A54932444826C0068C825 /* Assets.xcassets in Resources */,
				3D9A54912444826B0068C825 /* Login.storyboard in Resources */,
				3DB34D2F24483A0600FB5205 /* CastCollectionViewCell.xib in Resources */,
				3DAB134C2445A56D005A7D9B /* Main.storyboard in Resources */,
				3DAB13592445CACA005A7D9B /* FavouritesCollectionViewCell.xib in Resources */,
				3D41BC942446F6C600220B20 /* MovieDetailsView.xib in Resources */,
				3DF9E09A24597A8400EEB3EE /* TorrentView.xib in Resources */,
				3D41BC912446E5BA00220B20 /* MovieInfoBottomSheetViewController.xib in Resources */,
				3DB5D1292449D5D2009AF3B8 /* FiltersTableViewCell.xib in Resources */,
			);
			runOnlyForDeploymentPostprocessing = 0;
		};
/* End PBXResourcesBuildPhase section */

/* Begin PBXShellScriptBuildPhase section */
		2CE58129216234666646F65E /* [CP] Check Pods Manifest.lock */ = {
			isa = PBXShellScriptBuildPhase;
			buildActionMask = 2147483647;
			files = (
			);
			inputFileListPaths = (
			);
			inputPaths = (
				"${PODS_PODFILE_DIR_PATH}/Podfile.lock",
				"${PODS_ROOT}/Manifest.lock",
			);
			name = "[CP] Check Pods Manifest.lock";
			outputFileListPaths = (
			);
			outputPaths = (
				"$(DERIVED_FILE_DIR)/Pods-YTS-checkManifestLockResult.txt",
			);
			runOnlyForDeploymentPostprocessing = 0;
			shellPath = /bin/sh;
			shellScript = "diff \"${PODS_PODFILE_DIR_PATH}/Podfile.lock\" \"${PODS_ROOT}/Manifest.lock\" > /dev/null\nif [ $? != 0 ] ; then\n    # print error to STDERR\n    echo \"error: The sandbox is not in sync with the Podfile.lock. Run 'pod install' or update your CocoaPods installation.\" >&2\n    exit 1\nfi\n# This output is used by Xcode 'outputs' to avoid re-running this script phase.\necho \"SUCCESS\" > \"${SCRIPT_OUTPUT_FILE_0}\"\n";
			showEnvVarsInLog = 0;
		};
		DB72B4EFCFCD42E46D302C5B /* [CP] Embed Pods Frameworks */ = {
			isa = PBXShellScriptBuildPhase;
			buildActionMask = 2147483647;
			files = (
			);
			inputFileListPaths = (
				"${PODS_ROOT}/Target Support Files/Pods-YTS/Pods-YTS-frameworks-${CONFIGURATION}-input-files.xcfilelist",
			);
			name = "[CP] Embed Pods Frameworks";
			outputFileListPaths = (
				"${PODS_ROOT}/Target Support Files/Pods-YTS/Pods-YTS-frameworks-${CONFIGURATION}-output-files.xcfilelist",
			);
			runOnlyForDeploymentPostprocessing = 0;
			shellPath = /bin/sh;
			shellScript = "\"${PODS_ROOT}/Target Support Files/Pods-YTS/Pods-YTS-frameworks.sh\"\n";
			showEnvVarsInLog = 0;
		};
/* End PBXShellScriptBuildPhase section */

/* Begin PBXSourcesBuildPhase section */
		3D9A54822444826B0068C825 /* Sources */ = {
			isa = PBXSourcesBuildPhase;
			buildActionMask = 2147483647;
			files = (
				3DB5D1282449D5D2009AF3B8 /* FiltersTableViewCell.swift in Sources */,
				3D3984ED2456B1280019E5B9 /* HomeViewModel.swift in Sources */,
				3D16D798244B2A4400CECDDD /* MovieListViewController.swift in Sources */,
				3D9A54A82444A3CC0068C825 /* ResetPasswordViewController.swift in Sources */,
				3D6E81F22456F83B00041BCB /* SearchViewModel.swift in Sources */,
				3D6E81F42457069400041BCB /* MovieListViewModel.swift in Sources */,
				3D9A549E244491E30068C825 /* LoginViewController.swift in Sources */,
				3DF9E096245978AF00EEB3EE /* DownloadViewModel.swift in Sources */,
				3D0C5B3824545BEE00C257EC /* ReachabilityManager.swift in Sources */,
				3D0C5B352454568D00C257EC /* Cast.swift in Sources */,
				3D3984F22456C3B10019E5B9 /* HomeCellViewModel.swift in Sources */,
				3DF9E0942459789700EEB3EE /* DownloadViewController.swift in Sources */,
				3D6E81EC2456CBB100041BCB /* MovieDetailsViewModel.swift in Sources */,
				3DF9E09824597A7700EEB3EE /* TorrentView.swift in Sources */,
				3D9A54A4244493E90068C825 /* UIColor+Extensions.swift in Sources */,
				3D9A54A0244492000068C825 /* RegisterViewController.swift in Sources */,
				3DB34D2E24483A0600FB5205 /* CastCollectionViewCell.swift in Sources */,
				3DAB135B2445CB56005A7D9B /* FavouritesCollectionViewCell.swift in Sources */,
				3D41BC902446E5BA00220B20 /* MovieInfoBottomSheetViewController.swift in Sources */,
				3D3984EF2456BD2F0019E5B9 /* FavouriteCellViewModel.swift in Sources */,
				3DAB13612445DA48005A7D9B /* FavouriteTableViewCell.swift in Sources */,
				3DAB13632445EA6C005A7D9B /* HomeTableViewCell.swift in Sources */,
				3DAB135E2445CD9A005A7D9B /* HomeCollectionViewCell.swift in Sources */,
				3D0C5B3D245465D900C257EC /* TranslationLayer.swift in Sources */,
				3DF9E08C2459744100EEB3EE /* iCarousel.m in Sources */,
				3D4D2D33244873D600E42FF1 /* SearchViewController.swift in Sources */,
				3D9A548E2444826B0068C825 /* WelcomeViewController.swift in Sources */,
				3D0C5B31245451AE00C257EC /* Movie.swift in Sources */,
				3DB5D12C2449ECAC009AF3B8 /* Filter.swift in Sources */,
				3DC6C373245AB85F00A754C5 /* Data.swift in Sources */,
				3DF9E09C2459819200EEB3EE /* TorrentViewViewModel.swift in Sources */,
				3D9A548A2444826B0068C825 /* AppDelegate.swift in Sources */,
				3D0C5B3A24545C5E00C257EC /* ServiceManager.swift in Sources */,
				3D0C5B3F24546EA400C257EC /* URLConstants.swift in Sources */,
				3D9A548C2444826B0068C825 /* SceneDelegate.swift in Sources */,
				3DAB134E2445A875005A7D9B /* HomeViewController.swift in Sources */,
				3D41BC8C2446DCEA00220B20 /* MovieDetailViewController.swift in Sources */,
				3D3984EB2456AC940019E5B9 /* ModelLayer.swift in Sources */,
				3D9A54AA2444A7AB0068C825 /* UIConstants.swift in Sources */,
				3D9A54A62444A3A90068C825 /* ForgetPasswordViewController.swift in Sources */,
				3D6E81F02456D47A00041BCB /* CastCellViewModel.swift in Sources */,
				3DF9E0902459758400EEB3EE /* CorouselView.swift in Sources */,
				3D9A54A22444924D0068C825 /* UIHelper.swift in Sources */,
				3D3984E92456AAB60019E5B9 /* NetworkLayer.swift in Sources */,
				3D41BC962446F9D900220B20 /* MovieDetailsView.swift in Sources */,
				3D0C5B332454567C00C257EC /* Torrent.swift in Sources */,
			);
			runOnlyForDeploymentPostprocessing = 0;
		};
/* End PBXSourcesBuildPhase section */

/* Begin PBXVariantGroup section */
		3D9A548F2444826B0068C825 /* Login.storyboard */ = {
			isa = PBXVariantGroup;
			children = (
				3D9A54902444826B0068C825 /* Base */,
			);
			name = Login.storyboard;
			sourceTree = "<group>";
		};
		3D9A54942444826C0068C825 /* LaunchScreen.storyboard */ = {
			isa = PBXVariantGroup;
			children = (
				3D9A54952444826C0068C825 /* Base */,
			);
			name = LaunchScreen.storyboard;
			sourceTree = "<group>";
		};
/* End PBXVariantGroup section */

/* Begin XCBuildConfiguration section */
		3D9A54982444826C0068C825 /* Debug */ = {
			isa = XCBuildConfiguration;
			buildSettings = {
				ALWAYS_SEARCH_USER_PATHS = NO;
				CLANG_ANALYZER_NONNULL = YES;
				CLANG_ANALYZER_NUMBER_OBJECT_CONVERSION = YES_AGGRESSIVE;
				CLANG_CXX_LANGUAGE_STANDARD = "gnu++14";
				CLANG_CXX_LIBRARY = "libc++";
				CLANG_ENABLE_MODULES = YES;
				CLANG_ENABLE_OBJC_ARC = YES;
				CLANG_ENABLE_OBJC_WEAK = YES;
				CLANG_WARN_BLOCK_CAPTURE_AUTORELEASING = YES;
				CLANG_WARN_BOOL_CONVERSION = YES;
				CLANG_WARN_COMMA = YES;
				CLANG_WARN_CONSTANT_CONVERSION = YES;
				CLANG_WARN_DEPRECATED_OBJC_IMPLEMENTATIONS = YES;
				CLANG_WARN_DIRECT_OBJC_ISA_USAGE = YES_ERROR;
				CLANG_WARN_DOCUMENTATION_COMMENTS = YES;
				CLANG_WARN_EMPTY_BODY = YES;
				CLANG_WARN_ENUM_CONVERSION = YES;
				CLANG_WARN_INFINITE_RECURSION = YES;
				CLANG_WARN_INT_CONVERSION = YES;
				CLANG_WARN_NON_LITERAL_NULL_CONVERSION = YES;
				CLANG_WARN_OBJC_IMPLICIT_RETAIN_SELF = YES;
				CLANG_WARN_OBJC_LITERAL_CONVERSION = YES;
				CLANG_WARN_OBJC_ROOT_CLASS = YES_ERROR;
				CLANG_WARN_RANGE_LOOP_ANALYSIS = YES;
				CLANG_WARN_STRICT_PROTOTYPES = YES;
				CLANG_WARN_SUSPICIOUS_MOVE = YES;
				CLANG_WARN_UNGUARDED_AVAILABILITY = YES_AGGRESSIVE;
				CLANG_WARN_UNREACHABLE_CODE = YES;
				CLANG_WARN__DUPLICATE_METHOD_MATCH = YES;
				COPY_PHASE_STRIP = NO;
				DEBUG_INFORMATION_FORMAT = dwarf;
				ENABLE_STRICT_OBJC_MSGSEND = YES;
				ENABLE_TESTABILITY = YES;
				GCC_C_LANGUAGE_STANDARD = gnu11;
				GCC_DYNAMIC_NO_PIC = NO;
				GCC_NO_COMMON_BLOCKS = YES;
				GCC_OPTIMIZATION_LEVEL = 0;
				GCC_PREPROCESSOR_DEFINITIONS = (
					"DEBUG=1",
					"$(inherited)",
				);
				GCC_WARN_64_TO_32_BIT_CONVERSION = YES;
				GCC_WARN_ABOUT_RETURN_TYPE = YES_ERROR;
				GCC_WARN_UNDECLARED_SELECTOR = YES;
				GCC_WARN_UNINITIALIZED_AUTOS = YES_AGGRESSIVE;
				GCC_WARN_UNUSED_FUNCTION = YES;
				GCC_WARN_UNUSED_VARIABLE = YES;
				IPHONEOS_DEPLOYMENT_TARGET = 11.0;
				MTL_ENABLE_DEBUG_INFO = INCLUDE_SOURCE;
				MTL_FAST_MATH = YES;
				ONLY_ACTIVE_ARCH = YES;
				SDKROOT = iphoneos;
				SWIFT_ACTIVE_COMPILATION_CONDITIONS = DEBUG;
				SWIFT_OPTIMIZATION_LEVEL = "-Onone";
			};
			name = Debug;
		};
		3D9A54992444826C0068C825 /* Release */ = {
			isa = XCBuildConfiguration;
			buildSettings = {
				ALWAYS_SEARCH_USER_PATHS = NO;
				CLANG_ANALYZER_NONNULL = YES;
				CLANG_ANALYZER_NUMBER_OBJECT_CONVERSION = YES_AGGRESSIVE;
				CLANG_CXX_LANGUAGE_STANDARD = "gnu++14";
				CLANG_CXX_LIBRARY = "libc++";
				CLANG_ENABLE_MODULES = YES;
				CLANG_ENABLE_OBJC_ARC = YES;
				CLANG_ENABLE_OBJC_WEAK = YES;
				CLANG_WARN_BLOCK_CAPTURE_AUTORELEASING = YES;
				CLANG_WARN_BOOL_CONVERSION = YES;
				CLANG_WARN_COMMA = YES;
				CLANG_WARN_CONSTANT_CONVERSION = YES;
				CLANG_WARN_DEPRECATED_OBJC_IMPLEMENTATIONS = YES;
				CLANG_WARN_DIRECT_OBJC_ISA_USAGE = YES_ERROR;
				CLANG_WARN_DOCUMENTATION_COMMENTS = YES;
				CLANG_WARN_EMPTY_BODY = YES;
				CLANG_WARN_ENUM_CONVERSION = YES;
				CLANG_WARN_INFINITE_RECURSION = YES;
				CLANG_WARN_INT_CONVERSION = YES;
				CLANG_WARN_NON_LITERAL_NULL_CONVERSION = YES;
				CLANG_WARN_OBJC_IMPLICIT_RETAIN_SELF = YES;
				CLANG_WARN_OBJC_LITERAL_CONVERSION = YES;
				CLANG_WARN_OBJC_ROOT_CLASS = YES_ERROR;
				CLANG_WARN_RANGE_LOOP_ANALYSIS = YES;
				CLANG_WARN_STRICT_PROTOTYPES = YES;
				CLANG_WARN_SUSPICIOUS_MOVE = YES;
				CLANG_WARN_UNGUARDED_AVAILABILITY = YES_AGGRESSIVE;
				CLANG_WARN_UNREACHABLE_CODE = YES;
				CLANG_WARN__DUPLICATE_METHOD_MATCH = YES;
				COPY_PHASE_STRIP = NO;
				DEBUG_INFORMATION_FORMAT = "dwarf-with-dsym";
				ENABLE_NS_ASSERTIONS = NO;
				ENABLE_STRICT_OBJC_MSGSEND = YES;
				GCC_C_LANGUAGE_STANDARD = gnu11;
				GCC_NO_COMMON_BLOCKS = YES;
				GCC_WARN_64_TO_32_BIT_CONVERSION = YES;
				GCC_WARN_ABOUT_RETURN_TYPE = YES_ERROR;
				GCC_WARN_UNDECLARED_SELECTOR = YES;
				GCC_WARN_UNINITIALIZED_AUTOS = YES_AGGRESSIVE;
				GCC_WARN_UNUSED_FUNCTION = YES;
				GCC_WARN_UNUSED_VARIABLE = YES;
				IPHONEOS_DEPLOYMENT_TARGET = 11.0;
				MTL_ENABLE_DEBUG_INFO = NO;
				MTL_FAST_MATH = YES;
				SDKROOT = iphoneos;
				SWIFT_COMPILATION_MODE = wholemodule;
				SWIFT_OPTIMIZATION_LEVEL = "-O";
				VALIDATE_PRODUCT = YES;
			};
			name = Release;
		};
		3D9A549B2444826C0068C825 /* Debug */ = {
			isa = XCBuildConfiguration;
			baseConfigurationReference = 2A107ABF22DEF348420C95BD /* Pods-YTS.debug.xcconfig */;
			buildSettings = {
				ASSETCATALOG_COMPILER_APPICON_NAME = AppIcon;
				CLANG_ENABLE_MODULES = YES;
				CODE_SIGN_IDENTITY = "iPhone Developer";
				CODE_SIGN_STYLE = Manual;
				DEVELOPMENT_TEAM = R3GW2NEGBJ;
				INFOPLIST_FILE = YTS/SupportingFiles/Info.plist;
				LD_RUNPATH_SEARCH_PATHS = (
					"$(inherited)",
					"@executable_path/Frameworks",
				);
				PRODUCT_BUNDLE_IDENTIFIER = com.korona.YTS;
				PRODUCT_NAME = "$(TARGET_NAME)";
				PROVISIONING_PROFILE_SPECIFIER = "YTS Dev";
				SWIFT_OBJC_BRIDGING_HEADER = "YTS/Libs/YTS-Bridging-Header.h";
				SWIFT_OPTIMIZATION_LEVEL = "-Onone";
				SWIFT_VERSION = 5.0;
				TARGETED_DEVICE_FAMILY = "1,2";
			};
			name = Debug;
		};
		3D9A549C2444826C0068C825 /* Release */ = {
			isa = XCBuildConfiguration;
			baseConfigurationReference = A84E68A2CA5D02A95559048D /* Pods-YTS.release.xcconfig */;
			buildSettings = {
				ASSETCATALOG_COMPILER_APPICON_NAME = AppIcon;
				CLANG_ENABLE_MODULES = YES;
				CODE_SIGN_IDENTITY = "iPhone Developer";
				CODE_SIGN_STYLE = Manual;
				DEVELOPMENT_TEAM = R3GW2NEGBJ;
				INFOPLIST_FILE = YTS/SupportingFiles/Info.plist;
				LD_RUNPATH_SEARCH_PATHS = (
					"$(inherited)",
					"@executable_path/Frameworks",
				);
				PRODUCT_BUNDLE_IDENTIFIER = com.korona.YTS;
				PRODUCT_NAME = "$(TARGET_NAME)";
				PROVISIONING_PROFILE_SPECIFIER = "YTS Dev";
				SWIFT_OBJC_BRIDGING_HEADER = "YTS/Libs/YTS-Bridging-Header.h";
				SWIFT_VERSION = 5.0;
				TARGETED_DEVICE_FAMILY = "1,2";
			};
			name = Release;
		};
/* End XCBuildConfiguration section */

/* Begin XCConfigurationList section */
		3D9A54812444826B0068C825 /* Build configuration list for PBXProject "YTS" */ = {
			isa = XCConfigurationList;
			buildConfigurations = (
				3D9A54982444826C0068C825 /* Debug */,
				3D9A54992444826C0068C825 /* Release */,
			);
			defaultConfigurationIsVisible = 0;
			defaultConfigurationName = Release;
		};
		3D9A549A2444826C0068C825 /* Build configuration list for PBXNativeTarget "YTS" */ = {
			isa = XCConfigurationList;
			buildConfigurations = (
				3D9A549B2444826C0068C825 /* Debug */,
				3D9A549C2444826C0068C825 /* Release */,
			);
			defaultConfigurationIsVisible = 0;
			defaultConfigurationName = Release;
		};
/* End XCConfigurationList section */
	};
	rootObject = 3D9A547E2444826B0068C825 /* Project object */;
}
